
Microsoft Visual Studio Solution File, Format Version 12.00
# Visual Studio Version 17
VisualStudioVersion = 17.10.35122.118
MinimumVisualStudioVersion = 10.0.40219.1
Project("{9A19103F-16F7-4668-BE54-9A1E7A4F7556}") = "SchoolSystemAPI", "SchoolSystemAPI\SchoolSystemAPI.csproj", "{2C5AEFC1-870A-426E-A9FE-3D4EB2C7072B}"
EndProject
Project("{9A19103F-16F7-4668-BE54-9A1E7A4F7556}") = "SchoolSystem_Data", "SchoolSyayem_Data\SchoolSystem_Data.csproj", "{C48E7EEA-57EE-4A61-9FB0-BEBA979D6819}"
EndProject
Project("{9A19103F-16F7-4668-BE54-9A1E7A4F7556}") = "SchoolSystem_Infrastructure", "SchoolSystem_Infrastructure\SchoolSystem_Infrastructure.csproj", "{A424EBAA-572C-4B30-B9C5-B0B6A5AFC79F}"
EndProject
Project("{9A19103F-16F7-4668-BE54-9A1E7A4F7556}") = "SchoolSystem_Service", "SchoolSystem_Service\SchoolSystem_Service.csproj", "{184BD176-3375-4D15-A96A-30F9CE84DA8E}"
EndProject
Project("{9A19103F-16F7-4668-BE54-9A1E7A4F7556}") = "SchoolSystem_Core", "SchoolSystem_Core\SchoolSystem_Core.csproj", "{A3BCBFC2-B2A3-46EF-B3BD-2E87E925A04D}"
EndProject
Global
	GlobalSection(SolutionConfigurationPlatforms) = preSolution
		Debug|Any CPU = Debug|Any CPU
		Release|Any CPU = Release|Any CPU
	EndGlobalSection
	GlobalSection(ProjectConfigurationPlatforms) = postSolution
		{2C5AEFC1-870A-426E-A9FE-3D4EB2C7072B}.Debug|Any CPU.ActiveCfg = Debug|Any CPU
		{2C5AEFC1-870A-426E-A9FE-3D4EB2C7072B}.Debug|Any CPU.Build.0 = Debug|Any CPU
		{2C5AEFC1-870A-426E-A9FE-3D4EB2C7072B}.Release|Any CPU.ActiveCfg = Release|Any CPU
		{2C5AEFC1-870A-426E-A9FE-3D4EB2C7072B}.Release|Any CPU.Build.0 = Release|Any CPU
		{C48E7EEA-57EE-4A61-9FB0-BEBA979D6819}.Debug|Any CPU.ActiveCfg = Debug|Any CPU
		{C48E7EEA-57EE-4A61-9FB0-BEBA979D6819}.Debug|Any CPU.Build.0 = Debug|Any CPU
		{C48E7EEA-57EE-4A61-9FB0-BEBA979D6819}.Release|Any CPU.ActiveCfg = Release|Any CPU
		{C48E7EEA-57EE-4A61-9FB0-BEBA979D6819}.Release|Any CPU.Build.0 = Release|Any CPU
		{A424EBAA-572C-4B30-B9C5-B0B6A5AFC79F}.Debug|Any CPU.ActiveCfg = Debug|Any CPU
		{A424EBAA-572C-4B30-B9C5-B0B6A5AFC79F}.Debug|Any CPU.Build.0 = Debug|Any CPU
		{A424EBAA-572C-4B30-B9C5-B0B6A5AFC79F}.Release|Any CPU.ActiveCfg = Release|Any CPU
		{A424EBAA-572C-4B30-B9C5-B0B6A5AFC79F}.Release|Any CPU.Build.0 = Release|Any CPU
		{184BD176-3375-4D15-A96A-30F9CE84DA8E}.Debug|Any CPU.ActiveCfg = Debug|Any CPU
		{184BD176-3375-4D15-A96A-30F9CE84DA8E}.Debug|Any CPU.Build.0 = Debug|Any CPU
		{184BD176-3375-4D15-A96A-30F9CE84DA8E}.Release|Any CPU.ActiveCfg = Release|Any CPU
		{184BD176-3375-4D15-A96A-30F9CE84DA8E}.Release|Any CPU.Build.0 = Release|Any CPU
		{A3BCBFC2-B2A3-46EF-B3BD-2E87E925A04D}.Debug|Any CPU.ActiveCfg = Debug|Any CPU
		{A3BCBFC2-B2A3-46EF-B3BD-2E87E925A04D}.Debug|Any CPU.Build.0 = Debug|Any CPU
		{A3BCBFC2-B2A3-46EF-B3BD-2E87E925A04D}.Release|Any CPU.ActiveCfg = Release|Any CPU
		{A3BCBFC2-B2A3-46EF-B3BD-2E87E925A04D}.Release|Any CPU.Build.0 = Release|Any CPU
	EndGlobalSection
	GlobalSection(SolutionProperties) = preSolution
		HideSolutionNode = FALSE
	EndGlobalSection
	GlobalSection(ExtensibilityGlobals) = postSolution
		SolutionGuid = {D6BDBA7B-FB4E-422F-BC4E-5DC0FA42989D}
	EndGlobalSection
EndGlobal
